// !$*UTF8*$!
{
	archiveVersion = 1;
	classes = {
	};
	objectVersion = 46;
	objects = {

/* Begin PBXBuildFile section */
		906A94B717C4896900BA1009 /* TBXML.m in Sources */ = {isa = PBXBuildFile; fileRef = 906A94B617C4896900BA1009 /* TBXML.m */; };
		90B7189A17BDC25E004977E2 /* InformationController.m in Sources */ = {isa = PBXBuildFile; fileRef = 90B7189817BDC25D004977E2 /* InformationController.m */; };
		90B7189B17BDC25E004977E2 /* InformationController.xib in Resources */ = {isa = PBXBuildFile; fileRef = 90B7189917BDC25D004977E2 /* InformationController.xib */; };
		90E863BC17C47E7D001AAC7F /* schedule.xml in Resources */ = {isa = PBXBuildFile; fileRef = 90E863BB17C47E7D001AAC7F /* schedule.xml */; };
		917DD76217C012F0001CE2E9 /* apple-adhoc-57.png in Resources */ = {isa = PBXBuildFile; fileRef = 917DD76117C012F0001CE2E9 /* apple-adhoc-57.png */; };
		917DD76417C012FE001CE2E9 /* apple-retina-114.png in Resources */ = {isa = PBXBuildFile; fileRef = 917DD76317C012FE001CE2E9 /* apple-retina-114.png */; };
		917DD76917C1C08C001CE2E9 /* gflogo.png in Resources */ = {isa = PBXBuildFile; fileRef = 917DD76817C1C08C001CE2E9 /* gflogo.png */; };
		917DD76D17C1C5E5001CE2E9 /* MyColors.m in Sources */ = {isa = PBXBuildFile; fileRef = 917DD76C17C1C5E5001CE2E9 /* MyColors.m */; };
		917DD77217C1CFB0001CE2E9 /* blackButton@2x.png in Resources */ = {isa = PBXBuildFile; fileRef = 917DD76E17C1CFB0001CE2E9 /* blackButton@2x.png */; };
		917DD77317C1CFB0001CE2E9 /* blackButtonHighlight@2x.png in Resources */ = {isa = PBXBuildFile; fileRef = 917DD76F17C1CFB0001CE2E9 /* blackButtonHighlight@2x.png */; };
		917DD77417C1CFB0001CE2E9 /* blackButtonHighlight.png in Resources */ = {isa = PBXBuildFile; fileRef = 917DD77017C1CFB0001CE2E9 /* blackButtonHighlight.png */; };
		917DD77517C1CFB0001CE2E9 /* blackButton.png in Resources */ = {isa = PBXBuildFile; fileRef = 917DD77117C1CFB0001CE2E9 /* blackButton.png */; };
		917DD77B17C1D2ED001CE2E9 /* greyButton@2xpng in Resources */ = {isa = PBXBuildFile; fileRef = 917DD77617C1D2ED001CE2E9 /* greyButton@2xpng */; };
		917DD77C17C1D2ED001CE2E9 /* greyButtonHighlight@2x.png in Resources */ = {isa = PBXBuildFile; fileRef = 917DD77717C1D2ED001CE2E9 /* greyButtonHighlight@2x.png */; };
		917DD77D17C1D2ED001CE2E9 /* greyButton@2x.png in Resources */ = {isa = PBXBuildFile; fileRef = 917DD77817C1D2ED001CE2E9 /* greyButton@2x.png */; };
		917DD77E17C1D2ED001CE2E9 /* greyButtonHighlight.png in Resources */ = {isa = PBXBuildFile; fileRef = 917DD77917C1D2ED001CE2E9 /* greyButtonHighlight.png */; };
		917DD77F17C1D2ED001CE2E9 /* greyButton.png in Resources */ = {isa = PBXBuildFile; fileRef = 917DD77A17C1D2ED001CE2E9 /* greyButton.png */; };
		917DD78217C5E53B001CE2E9 /* greekkey.png in Resources */ = {isa = PBXBuildFile; fileRef = 917DD78017C5E53B001CE2E9 /* greekkey.png */; };
		917DD78317C5E53B001CE2E9 /* greekkey@2x.png in Resources */ = {isa = PBXBuildFile; fileRef = 917DD78117C5E53B001CE2E9 /* greekkey@2x.png */; };
		917DD78617C6F271001CE2E9 /* navbar_bg.png in Resources */ = {isa = PBXBuildFile; fileRef = 917DD78417C6F271001CE2E9 /* navbar_bg.png */; };
		917DD78717C6F271001CE2E9 /* navbar_bg@2x.png in Resources */ = {isa = PBXBuildFile; fileRef = 917DD78517C6F271001CE2E9 /* navbar_bg@2x.png */; };
		917DD78C17C6FEC8001CE2E9 /* menubtn.png in Resources */ = {isa = PBXBuildFile; fileRef = 917DD78A17C6FEC7001CE2E9 /* menubtn.png */; };
		917DD78D17C6FEC8001CE2E9 /* menubtn@2x.png in Resources */ = {isa = PBXBuildFile; fileRef = 917DD78B17C6FEC7001CE2E9 /* menubtn@2x.png */; };
		917DD79317C70815001CE2E9 /* button_normal.png in Resources */ = {isa = PBXBuildFile; fileRef = 917DD79217C70815001CE2E9 /* button_normal.png */; };
		E22E07F114BBA1AB00B002B7 /* RootViewController.m in Sources */ = {isa = PBXBuildFile; fileRef = E22E07EF14BBA1AB00B002B7 /* RootViewController.m */; };
		E22E07F214BBA1AC00B002B7 /* RootViewController.xib in Resources */ = {isa = PBXBuildFile; fileRef = E22E07F014BBA1AB00B002B7 /* RootViewController.xib */; };
		E2955F7014B728E4003DDB4E /* IIViewDeckController.m in Sources */ = {isa = PBXBuildFile; fileRef = E2955F6D14B728E4003DDB4E /* IIViewDeckController.m */; };
		E2955F7314B730AB003DDB4E /* photo.png in Resources */ = {isa = PBXBuildFile; fileRef = E2955F7214B730AB003DDB4E /* photo.png */; };
		E2955F8A14B7D14F003DDB4E /* MapController.m in Sources */ = {isa = PBXBuildFile; fileRef = E2955F8814B7D14F003DDB4E /* MapController.m */; };
		E2955F8B14B7D14F003DDB4E /* MapController.xib in Resources */ = {isa = PBXBuildFile; fileRef = E2955F8914B7D14F003DDB4E /* MapController.xib */; };
		E2955F8F14B7D15E003DDB4E /* ScheduleController.m in Sources */ = {isa = PBXBuildFile; fileRef = E2955F8D14B7D15E003DDB4E /* ScheduleController.m */; };
		E2955F9014B7D15E003DDB4E /* ScheduleController.xib in Resources */ = {isa = PBXBuildFile; fileRef = E2955F8E14B7D15E003DDB4E /* ScheduleController.xib */; };
		E2C8E5941497F62B00560D23 /* UIKit.framework in Frameworks */ = {isa = PBXBuildFile; fileRef = E2C8E5931497F62B00560D23 /* UIKit.framework */; };
		E2C8E5961497F62B00560D23 /* Foundation.framework in Frameworks */ = {isa = PBXBuildFile; fileRef = E2C8E5951497F62B00560D23 /* Foundation.framework */; };
		E2C8E5981497F62B00560D23 /* CoreGraphics.framework in Frameworks */ = {isa = PBXBuildFile; fileRef = E2C8E5971497F62B00560D23 /* CoreGraphics.framework */; };
		E2C8E59E1497F62B00560D23 /* InfoPlist.strings in Resources */ = {isa = PBXBuildFile; fileRef = E2C8E59C1497F62B00560D23 /* InfoPlist.strings */; };
		E2C8E5A01497F62B00560D23 /* main.m in Sources */ = {isa = PBXBuildFile; fileRef = E2C8E59F1497F62B00560D23 /* main.m */; };
		E2C8E5A41497F62B00560D23 /* AppDelegate.m in Sources */ = {isa = PBXBuildFile; fileRef = E2C8E5A31497F62B00560D23 /* AppDelegate.m */; };
		E2C8E5C61497FDC600560D23 /* FoodController.m in Sources */ = {isa = PBXBuildFile; fileRef = E2C8E5C41497FDC600560D23 /* FoodController.m */; };
		E2C8E5C71497FDC600560D23 /* FoodController.xib in Resources */ = {isa = PBXBuildFile; fileRef = E2C8E5C51497FDC600560D23 /* FoodController.xib */; };
		E2C8E5CB1497FDDB00560D23 /* SelectionController.m in Sources */ = {isa = PBXBuildFile; fileRef = E2C8E5C91497FDDB00560D23 /* SelectionController.m */; };
		E2C8E5CC1497FDDB00560D23 /* SelectionController.xib in Resources */ = {isa = PBXBuildFile; fileRef = E2C8E5CA1497FDDB00560D23 /* SelectionController.xib */; };
		E2C8E5D61498171F00560D23 /* QuartzCore.framework in Frameworks */ = {isa = PBXBuildFile; fileRef = E2C8E5D51498171F00560D23 /* QuartzCore.framework */; };
/* End PBXBuildFile section */

/* Begin PBXFileReference section */
		906A94B617C4896900BA1009 /* TBXML.m */ = {isa = PBXFileReference; fileEncoding = 4; lastKnownFileType = sourcecode.c.objc; path = TBXML.m; sourceTree = SOURCE_ROOT; };
		906A94B817C4897700BA1009 /* TBXML.h */ = {isa = PBXFileReference; fileEncoding = 4; lastKnownFileType = sourcecode.c.h; path = TBXML.h; sourceTree = SOURCE_ROOT; };
		90B7189717BDC25D004977E2 /* InformationController.h */ = {isa = PBXFileReference; fileEncoding = 4; lastKnownFileType = sourcecode.c.h; path = InformationController.h; sourceTree = "<group>"; };
		90B7189817BDC25D004977E2 /* InformationController.m */ = {isa = PBXFileReference; fileEncoding = 4; lastKnownFileType = sourcecode.c.objc; path = InformationController.m; sourceTree = "<group>"; };
		90B7189917BDC25D004977E2 /* InformationController.xib */ = {isa = PBXFileReference; fileEncoding = 4; lastKnownFileType = file.xib; path = InformationController.xib; sourceTree = "<group>"; };
		90E863BB17C47E7D001AAC7F /* schedule.xml */ = {isa = PBXFileReference; fileEncoding = 4; lastKnownFileType = text.xml; path = schedule.xml; sourceTree = "<group>"; };
		917DD76117C012F0001CE2E9 /* apple-adhoc-57.png */ = {isa = PBXFileReference; lastKnownFileType = image.png; path = "apple-adhoc-57.png"; sourceTree = "<group>"; };
		917DD76317C012FE001CE2E9 /* apple-retina-114.png */ = {isa = PBXFileReference; lastKnownFileType = image.png; path = "apple-retina-114.png"; sourceTree = "<group>"; };
		917DD76817C1C08C001CE2E9 /* gflogo.png */ = {isa = PBXFileReference; lastKnownFileType = image.png; path = gflogo.png; sourceTree = "<group>"; };
		917DD76B17C1C5E5001CE2E9 /* MyColors.h */ = {isa = PBXFileReference; fileEncoding = 4; lastKnownFileType = sourcecode.c.h; path = MyColors.h; sourceTree = "<group>"; };
		917DD76C17C1C5E5001CE2E9 /* MyColors.m */ = {isa = PBXFileReference; fileEncoding = 4; lastKnownFileType = sourcecode.c.objc; path = MyColors.m; sourceTree = "<group>"; };
		917DD76E17C1CFB0001CE2E9 /* blackButton@2x.png */ = {isa = PBXFileReference; lastKnownFileType = image.png; path = "blackButton@2x.png"; sourceTree = "<group>"; };
		917DD76F17C1CFB0001CE2E9 /* blackButtonHighlight@2x.png */ = {isa = PBXFileReference; lastKnownFileType = image.png; path = "blackButtonHighlight@2x.png"; sourceTree = "<group>"; };
		917DD77017C1CFB0001CE2E9 /* blackButtonHighlight.png */ = {isa = PBXFileReference; lastKnownFileType = image.png; path = blackButtonHighlight.png; sourceTree = "<group>"; };
		917DD77117C1CFB0001CE2E9 /* blackButton.png */ = {isa = PBXFileReference; lastKnownFileType = image.png; path = blackButton.png; sourceTree = "<group>"; };
		917DD77617C1D2ED001CE2E9 /* greyButton@2xpng */ = {isa = PBXFileReference; lastKnownFileType = file; path = "greyButton@2xpng"; sourceTree = "<group>"; };
		917DD77717C1D2ED001CE2E9 /* greyButtonHighlight@2x.png */ = {isa = PBXFileReference; lastKnownFileType = image.png; path = "greyButtonHighlight@2x.png"; sourceTree = "<group>"; };
		917DD77817C1D2ED001CE2E9 /* greyButton@2x.png */ = {isa = PBXFileReference; lastKnownFileType = image.png; path = "greyButton@2x.png"; sourceTree = "<group>"; };
		917DD77917C1D2ED001CE2E9 /* greyButtonHighlight.png */ = {isa = PBXFileReference; lastKnownFileType = image.png; path = greyButtonHighlight.png; sourceTree = "<group>"; };
		917DD77A17C1D2ED001CE2E9 /* greyButton.png */ = {isa = PBXFileReference; lastKnownFileType = image.png; path = greyButton.png; sourceTree = "<group>"; };
		917DD78017C5E53B001CE2E9 /* greekkey.png */ = {isa = PBXFileReference; lastKnownFileType = image.png; path = greekkey.png; sourceTree = "<group>"; };
		917DD78117C5E53B001CE2E9 /* greekkey@2x.png */ = {isa = PBXFileReference; lastKnownFileType = image.png; path = "greekkey@2x.png"; sourceTree = "<group>"; };
		917DD78417C6F271001CE2E9 /* navbar_bg.png */ = {isa = PBXFileReference; lastKnownFileType = image.png; path = navbar_bg.png; sourceTree = "<group>"; };
		917DD78517C6F271001CE2E9 /* navbar_bg@2x.png */ = {isa = PBXFileReference; lastKnownFileType = image.png; path = "navbar_bg@2x.png"; sourceTree = "<group>"; };
		917DD78A17C6FEC7001CE2E9 /* menubtn.png */ = {isa = PBXFileReference; lastKnownFileType = image.png; path = menubtn.png; sourceTree = "<group>"; };
		917DD78B17C6FEC7001CE2E9 /* menubtn@2x.png */ = {isa = PBXFileReference; lastKnownFileType = image.png; path = "menubtn@2x.png"; sourceTree = "<group>"; };
		917DD79217C70815001CE2E9 /* button_normal.png */ = {isa = PBXFileReference; lastKnownFileType = image.png; path = button_normal.png; sourceTree = "<group>"; };
		E0C300BE161A4E9D0097213B /* IIWrapController.h */ = {isa = PBXFileReference; lastKnownFileType = sourcecode.c.h; path = IIWrapController.h; sourceTree = "<group>"; };
		E0C300BF161A4E9D0097213B /* IIWrapController.m */ = {isa = PBXFileReference; lastKnownFileType = sourcecode.c.objc; path = IIWrapController.m; sourceTree = "<group>"; };
		E22E07EE14BBA1AB00B002B7 /* RootViewController.h */ = {isa = PBXFileReference; fileEncoding = 4; lastKnownFileType = sourcecode.c.h; path = RootViewController.h; sourceTree = "<group>"; };
		E22E07EF14BBA1AB00B002B7 /* RootViewController.m */ = {isa = PBXFileReference; fileEncoding = 4; lastKnownFileType = sourcecode.c.objc; path = RootViewController.m; sourceTree = "<group>"; };
		E22E07F014BBA1AB00B002B7 /* RootViewController.xib */ = {isa = PBXFileReference; fileEncoding = 4; lastKnownFileType = file.xib; path = RootViewController.xib; sourceTree = "<group>"; };
		E2955F6C14B728E4003DDB4E /* IIViewDeckController.h */ = {isa = PBXFileReference; fileEncoding = 4; lastKnownFileType = sourcecode.c.h; path = IIViewDeckController.h; sourceTree = "<group>"; };
		E2955F6D14B728E4003DDB4E /* IIViewDeckController.m */ = {isa = PBXFileReference; fileEncoding = 4; lastKnownFileType = sourcecode.c.objc; path = IIViewDeckController.m; sourceTree = "<group>"; };
		E2955F7214B730AB003DDB4E /* photo.png */ = {isa = PBXFileReference; lastKnownFileType = image.png; path = photo.png; sourceTree = "<group>"; };
		E2955F8714B7D14F003DDB4E /* MapController.h */ = {isa = PBXFileReference; fileEncoding = 4; lastKnownFileType = sourcecode.c.h; path = MapController.h; sourceTree = "<group>"; };
		E2955F8814B7D14F003DDB4E /* MapController.m */ = {isa = PBXFileReference; fileEncoding = 4; lastKnownFileType = sourcecode.c.objc; path = MapController.m; sourceTree = "<group>"; };
		E2955F8914B7D14F003DDB4E /* MapController.xib */ = {isa = PBXFileReference; fileEncoding = 4; lastKnownFileType = file.xib; path = MapController.xib; sourceTree = "<group>"; };
		E2955F8C14B7D15E003DDB4E /* ScheduleController.h */ = {isa = PBXFileReference; fileEncoding = 4; lastKnownFileType = sourcecode.c.h; path = ScheduleController.h; sourceTree = "<group>"; };
		E2955F8D14B7D15E003DDB4E /* ScheduleController.m */ = {isa = PBXFileReference; fileEncoding = 4; lastKnownFileType = sourcecode.c.objc; path = ScheduleController.m; sourceTree = "<group>"; };
		E2955F8E14B7D15E003DDB4E /* ScheduleController.xib */ = {isa = PBXFileReference; fileEncoding = 4; lastKnownFileType = file.xib; path = ScheduleController.xib; sourceTree = "<group>"; };
		E2C8E58F1497F62B00560D23 /* SLCGreekFestival.app */ = {isa = PBXFileReference; explicitFileType = wrapper.application; includeInIndex = 0; path = SLCGreekFestival.app; sourceTree = BUILT_PRODUCTS_DIR; };
		E2C8E5931497F62B00560D23 /* UIKit.framework */ = {isa = PBXFileReference; lastKnownFileType = wrapper.framework; name = UIKit.framework; path = System/Library/Frameworks/UIKit.framework; sourceTree = SDKROOT; };
		E2C8E5951497F62B00560D23 /* Foundation.framework */ = {isa = PBXFileReference; lastKnownFileType = wrapper.framework; name = Foundation.framework; path = System/Library/Frameworks/Foundation.framework; sourceTree = SDKROOT; };
		E2C8E5971497F62B00560D23 /* CoreGraphics.framework */ = {isa = PBXFileReference; lastKnownFileType = wrapper.framework; name = CoreGraphics.framework; path = System/Library/Frameworks/CoreGraphics.framework; sourceTree = SDKROOT; };
		E2C8E59B1497F62B00560D23 /* SLCGreekFestival-Info.plist */ = {isa = PBXFileReference; lastKnownFileType = text.plist.xml; path = "SLCGreekFestival-Info.plist"; sourceTree = "<group>"; };
		E2C8E59D1497F62B00560D23 /* en */ = {isa = PBXFileReference; lastKnownFileType = text.plist.strings; name = en; path = en.lproj/InfoPlist.strings; sourceTree = "<group>"; };
		E2C8E59F1497F62B00560D23 /* main.m */ = {isa = PBXFileReference; lastKnownFileType = sourcecode.c.objc; path = main.m; sourceTree = "<group>"; };
		E2C8E5A11497F62B00560D23 /* SLCGreekFestival-Prefix.pch */ = {isa = PBXFileReference; lastKnownFileType = sourcecode.c.h; path = "SLCGreekFestival-Prefix.pch"; sourceTree = "<group>"; };
		E2C8E5A21497F62B00560D23 /* AppDelegate.h */ = {isa = PBXFileReference; lastKnownFileType = sourcecode.c.h; path = AppDelegate.h; sourceTree = "<group>"; };
		E2C8E5A31497F62B00560D23 /* AppDelegate.m */ = {isa = PBXFileReference; lastKnownFileType = sourcecode.c.objc; path = AppDelegate.m; sourceTree = "<group>"; };
		E2C8E5C31497FDC600560D23 /* FoodController.h */ = {isa = PBXFileReference; fileEncoding = 4; lastKnownFileType = sourcecode.c.h; path = FoodController.h; sourceTree = "<group>"; };
		E2C8E5C41497FDC600560D23 /* FoodController.m */ = {isa = PBXFileReference; fileEncoding = 4; lastKnownFileType = sourcecode.c.objc; path = FoodController.m; sourceTree = "<group>"; };
		E2C8E5C51497FDC600560D23 /* FoodController.xib */ = {isa = PBXFileReference; fileEncoding = 4; lastKnownFileType = file.xib; path = FoodController.xib; sourceTree = "<group>"; };
		E2C8E5C81497FDDB00560D23 /* SelectionController.h */ = {isa = PBXFileReference; fileEncoding = 4; lastKnownFileType = sourcecode.c.h; path = SelectionController.h; sourceTree = "<group>"; };
		E2C8E5C91497FDDB00560D23 /* SelectionController.m */ = {isa = PBXFileReference; fileEncoding = 4; lastKnownFileType = sourcecode.c.objc; path = SelectionController.m; sourceTree = "<group>"; };
		E2C8E5CA1497FDDB00560D23 /* SelectionController.xib */ = {isa = PBXFileReference; fileEncoding = 4; lastKnownFileType = file.xib; path = SelectionController.xib; sourceTree = "<group>"; };
		E2C8E5D51498171F00560D23 /* QuartzCore.framework */ = {isa = PBXFileReference; lastKnownFileType = wrapper.framework; name = QuartzCore.framework; path = System/Library/Frameworks/QuartzCore.framework; sourceTree = SDKROOT; };
/* End PBXFileReference section */

/* Begin PBXFrameworksBuildPhase section */
		E2C8E58C1497F62B00560D23 /* Frameworks */ = {
			isa = PBXFrameworksBuildPhase;
			buildActionMask = 2147483647;
			files = (
				E2C8E5D61498171F00560D23 /* QuartzCore.framework in Frameworks */,
				E2C8E5941497F62B00560D23 /* UIKit.framework in Frameworks */,
				E2C8E5961497F62B00560D23 /* Foundation.framework in Frameworks */,
				E2C8E5981497F62B00560D23 /* CoreGraphics.framework in Frameworks */,
			);
			runOnlyForDeploymentPostprocessing = 0;
		};
/* End PBXFrameworksBuildPhase section */

/* Begin PBXGroup section */
		90E863BA17C47E5F001AAC7F /* xml */ = {
			isa = PBXGroup;
			children = (
				90E863BB17C47E7D001AAC7F /* schedule.xml */,
			);
			name = xml;
			sourceTree = "<group>";
		};
		90E863C117C48661001AAC7F /* TBXML */ = {
			isa = PBXGroup;
			children = (
				906A94B817C4897700BA1009 /* TBXML.h */,
				906A94B617C4896900BA1009 /* TBXML.m */,
			);
			name = TBXML;
			sourceTree = "<group>";
		};
		917DD76A17C1C098001CE2E9 /* Images */ = {
			isa = PBXGroup;
			children = (
				917DD79217C70815001CE2E9 /* button_normal.png */,
				917DD78A17C6FEC7001CE2E9 /* menubtn.png */,
				917DD78B17C6FEC7001CE2E9 /* menubtn@2x.png */,
				917DD78417C6F271001CE2E9 /* navbar_bg.png */,
				917DD78517C6F271001CE2E9 /* navbar_bg@2x.png */,
				917DD78017C5E53B001CE2E9 /* greekkey.png */,
				917DD78117C5E53B001CE2E9 /* greekkey@2x.png */,
				917DD77617C1D2ED001CE2E9 /* greyButton@2xpng */,
				917DD77717C1D2ED001CE2E9 /* greyButtonHighlight@2x.png */,
				917DD77817C1D2ED001CE2E9 /* greyButton@2x.png */,
				917DD77917C1D2ED001CE2E9 /* greyButtonHighlight.png */,
				917DD77A17C1D2ED001CE2E9 /* greyButton.png */,
				917DD76E17C1CFB0001CE2E9 /* blackButton@2x.png */,
				917DD76F17C1CFB0001CE2E9 /* blackButtonHighlight@2x.png */,
				917DD77017C1CFB0001CE2E9 /* blackButtonHighlight.png */,
				917DD77117C1CFB0001CE2E9 /* blackButton.png */,
				917DD76817C1C08C001CE2E9 /* gflogo.png */,
				E2955F7214B730AB003DDB4E /* photo.png */,
			);
			name = Images;
			sourceTree = "<group>";
		};
		E2955F6B14B728E4003DDB4E /* ViewDeck */ = {
			isa = PBXGroup;
			children = (
				E0C300BE161A4E9D0097213B /* IIWrapController.h */,
				E0C300BF161A4E9D0097213B /* IIWrapController.m */,
				E2955F6C14B728E4003DDB4E /* IIViewDeckController.h */,
				E2955F6D14B728E4003DDB4E /* IIViewDeckController.m */,
			);
			path = ViewDeck;
			sourceTree = SOURCE_ROOT;
		};
		E2C8E5841497F62B00560D23 = {
			isa = PBXGroup;
			children = (
				917DD76317C012FE001CE2E9 /* apple-retina-114.png */,
				917DD76117C012F0001CE2E9 /* apple-adhoc-57.png */,
				E2C8E5991497F62B00560D23 /* SaltLakeGreekFestival-iOS */,
				E2C8E5921497F62B00560D23 /* Frameworks */,
				E2C8E5901497F62B00560D23 /* Products */,
			);
			sourceTree = "<group>";
		};
		E2C8E5901497F62B00560D23 /* Products */ = {
			isa = PBXGroup;
			children = (
				E2C8E58F1497F62B00560D23 /* SLCGreekFestival.app */,
			);
			name = Products;
			sourceTree = "<group>";
		};
		E2C8E5921497F62B00560D23 /* Frameworks */ = {
			isa = PBXGroup;
			children = (
				E2C8E5D51498171F00560D23 /* QuartzCore.framework */,
				E2C8E5931497F62B00560D23 /* UIKit.framework */,
				E2C8E5951497F62B00560D23 /* Foundation.framework */,
				E2C8E5971497F62B00560D23 /* CoreGraphics.framework */,
			);
			name = Frameworks;
			sourceTree = "<group>";
		};
		E2C8E5991497F62B00560D23 /* SaltLakeGreekFestival-iOS */ = {
			isa = PBXGroup;
			children = (
				90E863BA17C47E5F001AAC7F /* xml */,
				917DD76A17C1C098001CE2E9 /* Images */,
				E2C8E59A1497F62B00560D23 /* Supporting Files */,
				E2C8E5B01497F94500560D23 /* vendor */,
				E2C8E5A21497F62B00560D23 /* AppDelegate.h */,
				E2C8E5A31497F62B00560D23 /* AppDelegate.m */,
				E22E07EE14BBA1AB00B002B7 /* RootViewController.h */,
				E22E07EF14BBA1AB00B002B7 /* RootViewController.m */,
				E22E07F014BBA1AB00B002B7 /* RootViewController.xib */,
				E2C8E5C21497FDAE00560D23 /* Content */,
				917DD76B17C1C5E5001CE2E9 /* MyColors.h */,
				917DD76C17C1C5E5001CE2E9 /* MyColors.m */,
			);
			name = "SaltLakeGreekFestival-iOS";
			path = FeaturesExample;
			sourceTree = "<group>";
		};
		E2C8E59A1497F62B00560D23 /* Supporting Files */ = {
			isa = PBXGroup;
			children = (
				E2C8E59B1497F62B00560D23 /* SLCGreekFestival-Info.plist */,
				E2C8E59C1497F62B00560D23 /* InfoPlist.strings */,
				E2C8E59F1497F62B00560D23 /* main.m */,
				E2C8E5A11497F62B00560D23 /* SLCGreekFestival-Prefix.pch */,
			);
			name = "Supporting Files";
			sourceTree = "<group>";
		};
		E2C8E5B01497F94500560D23 /* vendor */ = {
			isa = PBXGroup;
			children = (
				90E863C117C48661001AAC7F /* TBXML */,
				E2955F6B14B728E4003DDB4E /* ViewDeck */,
			);
			path = vendor;
			sourceTree = "<group>";
		};
		E2C8E5C21497FDAE00560D23 /* Content */ = {
			isa = PBXGroup;
			children = (
				E2C8E5C81497FDDB00560D23 /* SelectionController.h */,
				E2C8E5C91497FDDB00560D23 /* SelectionController.m */,
				E2C8E5CA1497FDDB00560D23 /* SelectionController.xib */,
				E2955F8C14B7D15E003DDB4E /* ScheduleController.h */,
				E2955F8D14B7D15E003DDB4E /* ScheduleController.m */,
				E2955F8E14B7D15E003DDB4E /* ScheduleController.xib */,
				E2955F8714B7D14F003DDB4E /* MapController.h */,
				E2955F8814B7D14F003DDB4E /* MapController.m */,
				E2955F8914B7D14F003DDB4E /* MapController.xib */,
				E2C8E5C31497FDC600560D23 /* FoodController.h */,
				E2C8E5C41497FDC600560D23 /* FoodController.m */,
				E2C8E5C51497FDC600560D23 /* FoodController.xib */,
				90B7189717BDC25D004977E2 /* InformationController.h */,
				90B7189817BDC25D004977E2 /* InformationController.m */,
				90B7189917BDC25D004977E2 /* InformationController.xib */,
			);
			name = Content;
			sourceTree = "<group>";
		};
/* End PBXGroup section */

/* Begin PBXNativeTarget section */
		E2C8E58E1497F62B00560D23 /* SLCGreekFestival */ = {
			isa = PBXNativeTarget;
			buildConfigurationList = E2C8E5AD1497F62B00560D23 /* Build configuration list for PBXNativeTarget "SLCGreekFestival" */;
			buildPhases = (
				E2C8E58B1497F62B00560D23 /* Sources */,
				E2C8E58C1497F62B00560D23 /* Frameworks */,
				E2C8E58D1497F62B00560D23 /* Resources */,
			);
			buildRules = (
			);
			dependencies = (
			);
			name = SLCGreekFestival;
			productName = FeaturesExample;
			productReference = E2C8E58F1497F62B00560D23 /* SLCGreekFestival.app */;
			productType = "com.apple.product-type.application";
		};
/* End PBXNativeTarget section */

/* Begin PBXProject section */
		E2C8E5861497F62B00560D23 /* Project object */ = {
			isa = PBXProject;
			attributes = {
				LastUpgradeCheck = 0460;
				ORGANIZATIONNAME = "Adriaenssen BVBA";
			};
			buildConfigurationList = E2C8E5891497F62B00560D23 /* Build configuration list for PBXProject "SLCGreekFestival" */;
			compatibilityVersion = "Xcode 3.2";
			developmentRegion = English;
			hasScannedForEncodings = 0;
			knownRegions = (
				en,
			);
			mainGroup = E2C8E5841497F62B00560D23;
			productRefGroup = E2C8E5901497F62B00560D23 /* Products */;
			projectDirPath = "";
			projectRoot = "";
			targets = (
				E2C8E58E1497F62B00560D23 /* SLCGreekFestival */,
			);
		};
/* End PBXProject section */

/* Begin PBXResourcesBuildPhase section */
		E2C8E58D1497F62B00560D23 /* Resources */ = {
			isa = PBXResourcesBuildPhase;
			buildActionMask = 2147483647;
			files = (
				E2C8E59E1497F62B00560D23 /* InfoPlist.strings in Resources */,
				E2C8E5C71497FDC600560D23 /* FoodController.xib in Resources */,
				E2C8E5CC1497FDDB00560D23 /* SelectionController.xib in Resources */,
				E2955F7314B730AB003DDB4E /* photo.png in Resources */,
				E2955F8B14B7D14F003DDB4E /* MapController.xib in Resources */,
				E2955F9014B7D15E003DDB4E /* ScheduleController.xib in Resources */,
				E22E07F214BBA1AC00B002B7 /* RootViewController.xib in Resources */,
				90B7189B17BDC25E004977E2 /* InformationController.xib in Resources */,
				917DD76217C012F0001CE2E9 /* apple-adhoc-57.png in Resources */,
				917DD76417C012FE001CE2E9 /* apple-retina-114.png in Resources */,
				917DD76917C1C08C001CE2E9 /* gflogo.png in Resources */,
				917DD77217C1CFB0001CE2E9 /* blackButton@2x.png in Resources */,
				917DD77317C1CFB0001CE2E9 /* blackButtonHighlight@2x.png in Resources */,
				917DD77417C1CFB0001CE2E9 /* blackButtonHighlight.png in Resources */,
				917DD77517C1CFB0001CE2E9 /* blackButton.png in Resources */,
				917DD77B17C1D2ED001CE2E9 /* greyButton@2xpng in Resources */,
				917DD77C17C1D2ED001CE2E9 /* greyButtonHighlight@2x.png in Resources */,
				917DD77D17C1D2ED001CE2E9 /* greyButton@2x.png in Resources */,
				917DD77E17C1D2ED001CE2E9 /* greyButtonHighlight.png in Resources */,
				917DD77F17C1D2ED001CE2E9 /* greyButton.png in Resources */,
				90E863BC17C47E7D001AAC7F /* schedule.xml in Resources */,
				917DD78217C5E53B001CE2E9 /* greekkey.png in Resources */,
				917DD78317C5E53B001CE2E9 /* greekkey@2x.png in Resources */,
				917DD78617C6F271001CE2E9 /* navbar_bg.png in Resources */,
				917DD78717C6F271001CE2E9 /* navbar_bg@2x.png in Resources */,
				917DD78C17C6FEC8001CE2E9 /* menubtn.png in Resources */,
				917DD78D17C6FEC8001CE2E9 /* menubtn@2x.png in Resources */,
				917DD79317C70815001CE2E9 /* button_normal.png in Resources */,
			);
			runOnlyForDeploymentPostprocessing = 0;
		};
/* End PBXResourcesBuildPhase section */

/* Begin PBXSourcesBuildPhase section */
		E2C8E58B1497F62B00560D23 /* Sources */ = {
			isa = PBXSourcesBuildPhase;
			buildActionMask = 2147483647;
			files = (
				E2C8E5A01497F62B00560D23 /* main.m in Sources */,
				E2C8E5A41497F62B00560D23 /* AppDelegate.m in Sources */,
				E2C8E5C61497FDC600560D23 /* FoodController.m in Sources */,
				E2C8E5CB1497FDDB00560D23 /* SelectionController.m in Sources */,
				E2955F7014B728E4003DDB4E /* IIViewDeckController.m in Sources */,
				E2955F8A14B7D14F003DDB4E /* MapController.m in Sources */,
				E2955F8F14B7D15E003DDB4E /* ScheduleController.m in Sources */,
				E22E07F114BBA1AB00B002B7 /* RootViewController.m in Sources */,
				90B7189A17BDC25E004977E2 /* InformationController.m in Sources */,
				917DD76D17C1C5E5001CE2E9 /* MyColors.m in Sources */,
				906A94B717C4896900BA1009 /* TBXML.m in Sources */,
			);
			runOnlyForDeploymentPostprocessing = 0;
		};
/* End PBXSourcesBuildPhase section */

/* Begin PBXVariantGroup section */
		E2C8E59C1497F62B00560D23 /* InfoPlist.strings */ = {
			isa = PBXVariantGroup;
			children = (
				E2C8E59D1497F62B00560D23 /* en */,
			);
			name = InfoPlist.strings;
			sourceTree = "<group>";
		};
/* End PBXVariantGroup section */

/* Begin XCBuildConfiguration section */
		E2C8E5AB1497F62B00560D23 /* Debug */ = {
			isa = XCBuildConfiguration;
			buildSettings = {
				ALWAYS_SEARCH_USER_PATHS = NO;
				ARCHS = "$(ARCHS_STANDARD_32_BIT)";
				CLANG_ENABLE_OBJC_ARC = YES;
				CLANG_WARN_CONSTANT_CONVERSION = YES;
				CLANG_WARN_ENUM_CONVERSION = YES;
				CLANG_WARN_INT_CONVERSION = YES;
				CLANG_WARN__DUPLICATE_METHOD_MATCH = YES;
				"CODE_SIGN_IDENTITY[sdk=iphoneos*]" = "iPhone Developer";
				COPY_PHASE_STRIP = NO;
				GCC_C_LANGUAGE_STANDARD = gnu99;
				GCC_DYNAMIC_NO_PIC = NO;
				GCC_OPTIMIZATION_LEVEL = 0;
				GCC_PREPROCESSOR_DEFINITIONS = (
					"DEBUG=1",
					"$(inherited)",
				);
				GCC_SYMBOLS_PRIVATE_EXTERN = NO;
				GCC_VERSION = com.apple.compilers.llvm.clang.1_0;
				GCC_WARN_ABOUT_MISSING_PROTOTYPES = YES;
				GCC_WARN_ABOUT_RETURN_TYPE = YES;
				GCC_WARN_UNINITIALIZED_AUTOS = YES;
				GCC_WARN_UNUSED_VARIABLE = YES;
				IPHONEOS_DEPLOYMENT_TARGET = 5.0;
				SDKROOT = iphoneos;
				TARGETED_DEVICE_FAMILY = 1;
			};
			name = Debug;
		};
		E2C8E5AC1497F62B00560D23 /* Release */ = {
			isa = XCBuildConfiguration;
			buildSettings = {
				ALWAYS_SEARCH_USER_PATHS = NO;
				ARCHS = "$(ARCHS_STANDARD_32_BIT)";
				CLANG_ENABLE_OBJC_ARC = YES;
				CLANG_WARN_CONSTANT_CONVERSION = YES;
				CLANG_WARN_ENUM_CONVERSION = YES;
				CLANG_WARN_INT_CONVERSION = YES;
				CLANG_WARN__DUPLICATE_METHOD_MATCH = YES;
				"CODE_SIGN_IDENTITY[sdk=iphoneos*]" = "iPhone Developer";
				COPY_PHASE_STRIP = YES;
				GCC_C_LANGUAGE_STANDARD = gnu99;
				GCC_VERSION = com.apple.compilers.llvm.clang.1_0;
				GCC_WARN_ABOUT_MISSING_PROTOTYPES = YES;
				GCC_WARN_ABOUT_RETURN_TYPE = YES;
				GCC_WARN_UNINITIALIZED_AUTOS = YES;
				GCC_WARN_UNUSED_VARIABLE = YES;
				IPHONEOS_DEPLOYMENT_TARGET = 5.0;
				OTHER_CFLAGS = "-DNS_BLOCK_ASSERTIONS=1";
				SDKROOT = iphoneos;
				TARGETED_DEVICE_FAMILY = 1;
				VALIDATE_PRODUCT = YES;
			};
			name = Release;
		};
		E2C8E5AE1497F62B00560D23 /* Debug */ = {
			isa = XCBuildConfiguration;
			buildSettings = {
				CLANG_ENABLE_OBJC_ARC = YES;
				CODE_SIGN_IDENTITY = "iPhone Developer: Brad Littler (VLSXNL7227)";
				"CODE_SIGN_IDENTITY[sdk=iphoneos*]" = "iPhone Developer";
				GCC_PRECOMPILE_PREFIX_HEADER = YES;
				GCC_PREFIX_HEADER = "FeaturesExample/SLCGreekFestival-Prefix.pch";
				INFOPLIST_FILE = "FeaturesExample/SLCGreekFestival-Info.plist";
				IPHONEOS_DEPLOYMENT_TARGET = 5.0;
				PRODUCT_NAME = SLCGreekFestival;
				PROVISIONING_PROFILE = "B5D4FBF3-B05C-46EF-A847-5AF9E1666DB7";
				"PROVISIONING_PROFILE[sdk=iphoneos*]" = "";
				TARGETED_DEVICE_FAMILY = 1;
				WRAPPER_EXTENSION = app;
			};
			name = Debug;
		};
		E2C8E5AF1497F62B00560D23 /* Release */ = {
			isa = XCBuildConfiguration;
			buildSettings = {
				CLANG_ENABLE_OBJC_ARC = YES;
				CODE_SIGN_IDENTITY = "iPhone Developer: Brad Littler (VLSXNL7227)";
				GCC_PRECOMPILE_PREFIX_HEADER = YES;
				GCC_PREFIX_HEADER = "FeaturesExample/SLCGreekFestival-Prefix.pch";
				INFOPLIST_FILE = "FeaturesExample/SLCGreekFestival-Info.plist";
				IPHONEOS_DEPLOYMENT_TARGET = 5.0;
				PRODUCT_NAME = SLCGreekFestival;
				PROVISIONING_PROFILE = "B5D4FBF3-B05C-46EF-A847-5AF9E1666DB7";
				TARGETED_DEVICE_FAMILY = 1;
				WRAPPER_EXTENSION = app;
			};
			name = Release;
		};
/* End XCBuildConfiguration section */

/* Begin XCConfigurationList section */
		E2C8E5891497F62B00560D23 /* Build configuration list for PBXProject "SLCGreekFestival" */ = {
			isa = XCConfigurationList;
			buildConfigurations = (
				E2C8E5AB1497F62B00560D23 /* Debug */,
				E2C8E5AC1497F62B00560D23 /* Release */,
			);
			defaultConfigurationIsVisible = 0;
			defaultConfigurationName = Release;
		};
		E2C8E5AD1497F62B00560D23 /* Build configuration list for PBXNativeTarget "SLCGreekFestival" */ = {
			isa = XCConfigurationList;
			buildConfigurations = (
				E2C8E5AE1497F62B00560D23 /* Debug */,
				E2C8E5AF1497F62B00560D23 /* Release */,
			);
			defaultConfigurationIsVisible = 0;
			defaultConfigurationName = Release;
		};
/* End XCConfigurationList section */
	};
	rootObject = E2C8E5861497F62B00560D23 /* Project object */;
}
